# THIS IS AN AUTOGENERATED FILE. DO NOT EDIT THIS FILE DIRECTLY.
# yarn lockfile v1


underscore-plus@^1.7.0:
  version "1.7.0"
  resolved "https://registry.yarnpkg.com/underscore-plus/-/underscore-plus-1.7.0.tgz#107f1900c520ac1fefe4edec6580a7ff08a99d0f"
  integrity sha512-A3BEzkeicFLnr+U/Q3EyWwJAQPbA19mtZZ4h+lLq3ttm9kn8WC4R3YpuJZEXmWdLjYP47Zc8aLZm9kwdv+zzvA==
  dependencies:
    underscore "^1.9.1"

underscore@^1.9.1:
  version "1.13.8"
  resolved "https://registry.yarnpkg.com/underscore/-/underscore-1.13.8.tgz#a93a21186c049dbf0e847496dba72b7bd8c1e92b"
  integrity sha512-DXtD3ZtEQzc7M8m4cXotyHR+FAS18C64asBYY5vqZexfYryNNnDc02W4hKg3rdQuqOYas1jkseX0+nZXjTXnvQ==
